
Microsoft Visual Studio Solution File, Format Version 12.00
# Visual Studio 15
VisualStudioVersion = 15.0.28107.0
MinimumVisualStudioVersion = 10.0.40219.1
Project("{E24C65DC-7377-472B-9ABA-BC803B73C61A}") = "LookAtTrianglesWithKeys", "LookAtTrianglesWithKeys\", "{43E9B15D-8C01-4844-8C8E-53EC53209F17}"
	ProjectSection(WebsiteProperties) = preProject
		TargetFrameworkMoniker = ".NETFramework,Version%3Dv4.6.1"
		Debug.AspNetCompiler.VirtualPath = "/localhost_64283"
		Debug.AspNetCompiler.PhysicalPath = "LookAtTrianglesWithKeys\"
		Debug.AspNetCompiler.TargetPath = "PrecompiledWeb\localhost_64283\"
		Debug.AspNetCompiler.Updateable = "true"
		Debug.AspNetCompiler.ForceOverwrite = "true"
		Debug.AspNetCompiler.FixedNames = "false"
		Debug.AspNetCompiler.Debug = "True"
		Release.AspNetCompiler.VirtualPath = "/localhost_64283"
		Release.AspNetCompiler.PhysicalPath = "LookAtTrianglesWithKeys\"
		Release.AspNetCompiler.TargetPath = "PrecompiledWeb\localhost_64283\"
		Release.AspNetCompiler.Updateable = "true"
		Release.AspNetCompiler.ForceOverwrite = "true"
		Release.AspNetCompiler.FixedNames = "false"
		Release.AspNetCompiler.Debug = "False"
		VWDPort = "64283"
		SlnRelativePath = "LookAtTrianglesWithKeys\"
		DefaultWebSiteLanguage = "Visual C#"
	EndProjectSection
EndProject
Global
	GlobalSection(SolutionConfigurationPlatforms) = preSolution
		Debug|Any CPU = Debug|Any CPU
	EndGlobalSection
	GlobalSection(ProjectConfigurationPlatforms) = postSolution
		{43E9B15D-8C01-4844-8C8E-53EC53209F17}.Debug|Any CPU.ActiveCfg = Debug|Any CPU
		{43E9B15D-8C01-4844-8C8E-53EC53209F17}.Debug|Any CPU.Build.0 = Debug|Any CPU
	EndGlobalSection
	GlobalSection(SolutionProperties) = preSolution
		HideSolutionNode = FALSE
	EndGlobalSection
	GlobalSection(ExtensibilityGlobals) = postSolution
		SolutionGuid = {227995EA-2D24-40AD-8B51-F5947793FE9D}
	EndGlobalSection
EndGlobal
